
Microsoft Visual Studio Solution File, Format Version 12.00
# Visual Studio Version 17
VisualStudioVersion = 17.3.32922.545
MinimumVisualStudioVersion = 10.0.40219.1
Project("{9A19103F-16F7-4668-BE54-9A1E7A4F7556}") = "WineCraze", "WineCraze\WineCraze.csproj", "{18252E67-7AAF-4E7F-90BD-BDDD63FC767E}"
EndProject
Project("{9A19103F-16F7-4668-BE54-9A1E7A4F7556}") = "WineCraze.Core", "WineCraze.Core\WineCraze.Core.csproj", "{18D285BB-E24C-4C32-9AC9-2E8F6F022DED}"
EndProject
Project("{9A19103F-16F7-4668-BE54-9A1E7A4F7556}") = "WineCraze.Infrastructure", "WineCraze.Infrastructure\WineCraze.Infrastructure.csproj", "{3F637B2D-458F-43F5-8C24-DE954ACD6F34}"
EndProject
Global
	GlobalSection(SolutionConfigurationPlatforms) = preSolution
		Debug|Any CPU = Debug|Any CPU
		Release|Any CPU = Release|Any CPU
	EndGlobalSection
	GlobalSection(ProjectConfigurationPlatforms) = postSolution
		{18252E67-7AAF-4E7F-90BD-BDDD63FC767E}.Debug|Any CPU.ActiveCfg = Debug|Any CPU
		{18252E67-7AAF-4E7F-90BD-BDDD63FC767E}.Debug|Any CPU.Build.0 = Debug|Any CPU
		{18252E67-7AAF-4E7F-90BD-BDDD63FC767E}.Release|Any CPU.ActiveCfg = Release|Any CPU
		{18252E67-7AAF-4E7F-90BD-BDDD63FC767E}.Release|Any CPU.Build.0 = Release|Any CPU
		{18D285BB-E24C-4C32-9AC9-2E8F6F022DED}.Debug|Any CPU.ActiveCfg = Debug|Any CPU
		{18D285BB-E24C-4C32-9AC9-2E8F6F022DED}.Debug|Any CPU.Build.0 = Debug|Any CPU
		{18D285BB-E24C-4C32-9AC9-2E8F6F022DED}.Release|Any CPU.ActiveCfg = Release|Any CPU
		{18D285BB-E24C-4C32-9AC9-2E8F6F022DED}.Release|Any CPU.Build.0 = Release|Any CPU
		{3F637B2D-458F-43F5-8C24-DE954ACD6F34}.Debug|Any CPU.ActiveCfg = Debug|Any CPU
		{3F637B2D-458F-43F5-8C24-DE954ACD6F34}.Debug|Any CPU.Build.0 = Debug|Any CPU
		{3F637B2D-458F-43F5-8C24-DE954ACD6F34}.Release|Any CPU.ActiveCfg = Release|Any CPU
		{3F637B2D-458F-43F5-8C24-DE954ACD6F34}.Release|Any CPU.Build.0 = Release|Any CPU
	EndGlobalSection
	GlobalSection(SolutionProperties) = preSolution
		HideSolutionNode = FALSE
	EndGlobalSection
	GlobalSection(ExtensibilityGlobals) = postSolution
		SolutionGuid = {10085885-9F96-4F64-8BBD-7E946023A2D7}
	EndGlobalSection
EndGlobal
